
Microsoft Visual Studio Solution File, Format Version 12.00
# Visual Studio Version 17
VisualStudioVersion = 17.4.33213.308
MinimumVisualStudioVersion = 10.0.40219.1
Project("{FAE04EC0-301F-11D3-BF4B-00C04F79EFBC}") = "Delegates", "Delegates\Delegates.csproj", "{F96EEBB8-6E62-4B33-B5DB-B4E0CD120DF8}"
EndProject
Global
	GlobalSection(SolutionConfigurationPlatforms) = preSolution
		Debug|Any CPU = Debug|Any CPU
		Release|Any CPU = Release|Any CPU
	EndGlobalSection
	GlobalSection(ProjectConfigurationPlatforms) = postSolution
		{F96EEBB8-6E62-4B33-B5DB-B4E0CD120DF8}.Debug|Any CPU.ActiveCfg = Debug|Any CPU
		{F96EEBB8-6E62-4B33-B5DB-B4E0CD120DF8}.Debug|Any CPU.Build.0 = Debug|Any CPU
		{F96EEBB8-6E62-4B33-B5DB-B4E0CD120DF8}.Release|Any CPU.ActiveCfg = Release|Any CPU
		{F96EEBB8-6E62-4B33-B5DB-B4E0CD120DF8}.Release|Any CPU.Build.0 = Release|Any CPU
	EndGlobalSection
	GlobalSection(SolutionProperties) = preSolution
		HideSolutionNode = FALSE
	EndGlobalSection
	GlobalSection(ExtensibilityGlobals) = postSolution
		SolutionGuid = {CE429A77-B1B4-4C47-B707-D58142EF0F30}
	EndGlobalSection
EndGlobal
