
Microsoft Visual Studio Solution File, Format Version 12.00
# Visual Studio Version 17
VisualStudioVersion = 17.4.33205.214
MinimumVisualStudioVersion = 10.0.40219.1
Project("{FAE04EC0-301F-11D3-BF4B-00C04F79EFBC}") = "MyFirstApp", "MyFirstApp\MyFirstApp.csproj", "{9F5399CE-3B56-430B-9B98-97DF87A51EDC}"
EndProject
Global
	GlobalSection(SolutionConfigurationPlatforms) = preSolution
		Debug|Any CPU = Debug|Any CPU
		Release|Any CPU = Release|Any CPU
	EndGlobalSection
	GlobalSection(ProjectConfigurationPlatforms) = postSolution
		{9F5399CE-3B56-430B-9B98-97DF87A51EDC}.Debug|Any CPU.ActiveCfg = Debug|Any CPU
		{9F5399CE-3B56-430B-9B98-97DF87A51EDC}.Debug|Any CPU.Build.0 = Debug|Any CPU
		{9F5399CE-3B56-430B-9B98-97DF87A51EDC}.Release|Any CPU.ActiveCfg = Release|Any CPU
		{9F5399CE-3B56-430B-9B98-97DF87A51EDC}.Release|Any CPU.Build.0 = Release|Any CPU
	EndGlobalSection
	GlobalSection(SolutionProperties) = preSolution
		HideSolutionNode = FALSE
	EndGlobalSection
	GlobalSection(ExtensibilityGlobals) = postSolution
		SolutionGuid = {A0DD317E-C43A-4310-A24D-08B380CF236F}
	EndGlobalSection
EndGlobal
