
Microsoft Visual Studio Solution File, Format Version 12.00
# Visual Studio Version 17
VisualStudioVersion = 17.4.33213.308
MinimumVisualStudioVersion = 10.0.40219.1
Project("{FAE04EC0-301F-11D3-BF4B-00C04F79EFBC}") = "QueryString", "QueryString\QueryString.csproj", "{CD3FD0EE-5B0A-4032-A9A5-885086293908}"
EndProject
Global
	GlobalSection(SolutionConfigurationPlatforms) = preSolution
		Debug|Any CPU = Debug|Any CPU
		Release|Any CPU = Release|Any CPU
	EndGlobalSection
	GlobalSection(ProjectConfigurationPlatforms) = postSolution
		{CD3FD0EE-5B0A-4032-A9A5-885086293908}.Debug|Any CPU.ActiveCfg = Debug|Any CPU
		{CD3FD0EE-5B0A-4032-A9A5-885086293908}.Debug|Any CPU.Build.0 = Debug|Any CPU
		{CD3FD0EE-5B0A-4032-A9A5-885086293908}.Release|Any CPU.ActiveCfg = Release|Any CPU
		{CD3FD0EE-5B0A-4032-A9A5-885086293908}.Release|Any CPU.Build.0 = Release|Any CPU
	EndGlobalSection
	GlobalSection(SolutionProperties) = preSolution
		HideSolutionNode = FALSE
	EndGlobalSection
	GlobalSection(ExtensibilityGlobals) = postSolution
		SolutionGuid = {D842B671-829E-4F0C-8A68-6B86D475E7FB}
	EndGlobalSection
EndGlobal
